// !$*UTF8*$!
{
	archiveVersion = 1;
	classes = {
	};
	objectVersion = 56;
	objects = {

/* Begin PBXBuildFile section */
		44D6695C2992E1F400ACA2A1 /* ProperMapAnnotationTestingApp.swift in Sources */ = {isa = PBXBuildFile; fileRef = 44D6695B2992E1F400ACA2A1 /* ProperMapAnnotationTestingApp.swift */; };
		44D6695E2992E1F400ACA2A1 /* CampusMap.swift in Sources */ = {isa = PBXBuildFile; fileRef = 44D6695D2992E1F400ACA2A1 /* CampusMap.swift */; };
		44D669602992E1F600ACA2A1 /* Assets.xcassets in Resources */ = {isa = PBXBuildFile; fileRef = 44D6695F2992E1F600ACA2A1 /* Assets.xcassets */; };
		44D669632992E1F600ACA2A1 /* Preview Assets.xcassets in Resources */ = {isa = PBXBuildFile; fileRef = 44D669622992E1F600ACA2A1 /* Preview Assets.xcassets */; };
		44D669702992E8EA00ACA2A1 /* Pin.swift in Sources */ = {isa = PBXBuildFile; fileRef = 44D6696F2992E8EA00ACA2A1 /* Pin.swift */; };
		81B300C5299320AE007F0AF0 /* Position.swift in Sources */ = {isa = PBXBuildFile; fileRef = 81B300C4299320AE007F0AF0 /* Position.swift */; };
		81B300C929932E8F007F0AF0 /* Directions.swift in Sources */ = {isa = PBXBuildFile; fileRef = 81B300C829932E8F007F0AF0 /* Directions.swift */; };
/* End PBXBuildFile section */

/* Begin PBXFileReference section */
		44D669582992E1F400ACA2A1 /* ProperMapAnnotationTesting.app */ = {isa = PBXFileReference; explicitFileType = wrapper.application; includeInIndex = 0; path = ProperMapAnnotationTesting.app; sourceTree = BUILT_PRODUCTS_DIR; };
		44D6695B2992E1F400ACA2A1 /* ProperMapAnnotationTestingApp.swift */ = {isa = PBXFileReference; lastKnownFileType = sourcecode.swift; path = ProperMapAnnotationTestingApp.swift; sourceTree = "<group>"; };
		44D6695D2992E1F400ACA2A1 /* CampusMap.swift */ = {isa = PBXFileReference; lastKnownFileType = sourcecode.swift; path = CampusMap.swift; sourceTree = "<group>"; };
		44D6695F2992E1F600ACA2A1 /* Assets.xcassets */ = {isa = PBXFileReference; lastKnownFileType = folder.assetcatalog; path = Assets.xcassets; sourceTree = "<group>"; };
		44D669622992E1F600ACA2A1 /* Preview Assets.xcassets */ = {isa = PBXFileReference; lastKnownFileType = folder.assetcatalog; path = "Preview Assets.xcassets"; sourceTree = "<group>"; };
		44D6696F2992E8EA00ACA2A1 /* Pin.swift */ = {isa = PBXFileReference; lastKnownFileType = sourcecode.swift; path = Pin.swift; sourceTree = "<group>"; };
		81B300C4299320AE007F0AF0 /* Position.swift */ = {isa = PBXFileReference; lastKnownFileType = sourcecode.swift; path = Position.swift; sourceTree = "<group>"; };
		81B300C829932E8F007F0AF0 /* Directions.swift */ = {isa = PBXFileReference; lastKnownFileType = sourcecode.swift; path = Directions.swift; sourceTree = "<group>"; };
/* End PBXFileReference section */

/* Begin PBXFrameworksBuildPhase section */
		44D669552992E1F400ACA2A1 /* Frameworks */ = {
			isa = PBXFrameworksBuildPhase;
			buildActionMask = 2147483647;
			files = (
			);
			runOnlyForDeploymentPostprocessing = 0;
		};
/* End PBXFrameworksBuildPhase section */

/* Begin PBXGroup section */
		44D6694F2992E1F400ACA2A1 = {
			isa = PBXGroup;
			children = (
				44D6695A2992E1F400ACA2A1 /* ProperMapAnnotationTesting */,
				44D669592992E1F400ACA2A1 /* Products */,
			);
			sourceTree = "<group>";
		};
		44D669592992E1F400ACA2A1 /* Products */ = {
			isa = PBXGroup;
			children = (
				44D669582992E1F400ACA2A1 /* ProperMapAnnotationTesting.app */,
			);
			name = Products;
			sourceTree = "<group>";
		};
		44D6695A2992E1F400ACA2A1 /* ProperMapAnnotationTesting */ = {
			isa = PBXGroup;
			children = (
				44D6695B2992E1F400ACA2A1 /* ProperMapAnnotationTestingApp.swift */,
				81B300C32993209F007F0AF0 /* Model */,
				81B300C6299320E9007F0AF0 /* Views */,
				44D6695F2992E1F600ACA2A1 /* Assets.xcassets */,
				44D669612992E1F600ACA2A1 /* Preview Content */,
			);
			path = ProperMapAnnotationTesting;
			sourceTree = "<group>";
		};
		44D669612992E1F600ACA2A1 /* Preview Content */ = {
			isa = PBXGroup;
			children = (
				44D669622992E1F600ACA2A1 /* Preview Assets.xcassets */,
			);
			path = "Preview Content";
			sourceTree = "<group>";
		};
		81B300C32993209F007F0AF0 /* Model */ = {
			isa = PBXGroup;
			children = (
				81B300C4299320AE007F0AF0 /* Position.swift */,
			);
			path = Model;
			sourceTree = "<group>";
		};
		81B300C6299320E9007F0AF0 /* Views */ = {
			isa = PBXGroup;
			children = (
				81B300C7299321F0007F0AF0 /* Helpers */,
				44D6695D2992E1F400ACA2A1 /* CampusMap.swift */,
			);
			path = Views;
			sourceTree = "<group>";
		};
		81B300C7299321F0007F0AF0 /* Helpers */ = {
			isa = PBXGroup;
			children = (
				44D6696F2992E8EA00ACA2A1 /* Pin.swift */,
				81B300C829932E8F007F0AF0 /* Directions.swift */,
			);
			path = Helpers;
			sourceTree = "<group>";
		};
/* End PBXGroup section */

/* Begin PBXNativeTarget section */
		44D669572992E1F400ACA2A1 /* ProperMapAnnotationTesting */ = {
			isa = PBXNativeTarget;
			buildConfigurationList = 44D669662992E1F600ACA2A1 /* Build configuration list for PBXNativeTarget "ProperMapAnnotationTesting" */;
			buildPhases = (
				44D669542992E1F400ACA2A1 /* Sources */,
				44D669552992E1F400ACA2A1 /* Frameworks */,
				44D669562992E1F400ACA2A1 /* Resources */,
			);
			buildRules = (
			);
			dependencies = (
			);
			name = ProperMapAnnotationTesting;
			productName = ProperMapAnnotationTesting;
			productReference = 44D669582992E1F400ACA2A1 /* ProperMapAnnotationTesting.app */;
			productType = "com.apple.product-type.application";
		};
/* End PBXNativeTarget section */

/* Begin PBXProject section */
		44D669502992E1F400ACA2A1 /* Project object */ = {
			isa = PBXProject;
			attributes = {
				BuildIndependentTargetsInParallel = 1;
				LastSwiftUpdateCheck = 1420;
				LastUpgradeCheck = 1420;
				TargetAttributes = {
					44D669572992E1F400ACA2A1 = {
						CreatedOnToolsVersion = 14.2;
					};
				};
			};
			buildConfigurationList = 44D669532992E1F400ACA2A1 /* Build configuration list for PBXProject "ProperMapAnnotationTesting" */;
			compatibilityVersion = "Xcode 14.0";
			developmentRegion = en;
			hasScannedForEncodings = 0;
			knownRegions = (
				en,
				Base,
			);
			mainGroup = 44D6694F2992E1F400ACA2A1;
			productRefGroup = 44D669592992E1F400ACA2A1 /* Products */;
			projectDirPath = "";
			projectRoot = "";
			targets = (
				44D669572992E1F400ACA2A1 /* ProperMapAnnotationTesting */,
			);
		};
/* End PBXProject section */

/* Begin PBXResourcesBuildPhase section */
		44D669562992E1F400ACA2A1 /* Resources */ = {
			isa = PBXResourcesBuildPhase;
			buildActionMask = 2147483647;
			files = (
				44D669632992E1F600ACA2A1 /* Preview Assets.xcassets in Resources */,
				44D669602992E1F600ACA2A1 /* Assets.xcassets in Resources */,
			);
			runOnlyForDeploymentPostprocessing = 0;
		};
/* End PBXResourcesBuildPhase section */

/* Begin PBXSourcesBuildPhase section */
		44D669542992E1F400ACA2A1 /* Sources */ = {
			isa = PBXSourcesBuildPhase;
			buildActionMask = 2147483647;
			files = (
				44D6695E2992E1F400ACA2A1 /* CampusMap.swift in Sources */,
				44D6695C2992E1F400ACA2A1 /* ProperMapAnnotationTestingApp.swift in Sources */,
				81B300C5299320AE007F0AF0 /* Position.swift in Sources */,
				44D669702992E8EA00ACA2A1 /* Pin.swift in Sources */,
				81B300C929932E8F007F0AF0 /* Directions.swift in Sources */,
			);
			runOnlyForDeploymentPostprocessing = 0;
		};
/* End PBXSourcesBuildPhase section */

/* Begin XCBuildConfiguration section */
		44D669642992E1F600ACA2A1 /* Debug */ = {
			isa = XCBuildConfiguration;
			buildSettings = {
				ALWAYS_SEARCH_USER_PATHS = NO;
				CLANG_ANALYZER_NONNULL = YES;
				CLANG_ANALYZER_NUMBER_OBJECT_CONVERSION = YES_AGGRESSIVE;
				CLANG_CXX_LANGUAGE_STANDARD = "gnu++20";
				CLANG_ENABLE_MODULES = YES;
				CLANG_ENABLE_OBJC_ARC = YES;
				CLANG_ENABLE_OBJC_WEAK = YES;
				CLANG_WARN_BLOCK_CAPTURE_AUTORELEASING = YES;
				CLANG_WARN_BOOL_CONVERSION = YES;
				CLANG_WARN_COMMA = YES;
				CLANG_WARN_CONSTANT_CONVERSION = YES;
				CLANG_WARN_DEPRECATED_OBJC_IMPLEMENTATIONS = YES;
				CLANG_WARN_DIRECT_OBJC_ISA_USAGE = YES_ERROR;
				CLANG_WARN_DOCUMENTATION_COMMENTS = YES;
				CLANG_WARN_EMPTY_BODY = YES;
				CLANG_WARN_ENUM_CONVERSION = YES;
				CLANG_WARN_INFINITE_RECURSION = YES;
				CLANG_WARN_INT_CONVERSION = YES;
				CLANG_WARN_NON_LITERAL_NULL_CONVERSION = YES;
				CLANG_WARN_OBJC_IMPLICIT_RETAIN_SELF = YES;
				CLANG_WARN_OBJC_LITERAL_CONVERSION = YES;
				CLANG_WARN_OBJC_ROOT_CLASS = YES_ERROR;
				CLANG_WARN_QUOTED_INCLUDE_IN_FRAMEWORK_HEADER = YES;
				CLANG_WARN_RANGE_LOOP_ANALYSIS = YES;
				CLANG_WARN_STRICT_PROTOTYPES = YES;
				CLANG_WARN_SUSPICIOUS_MOVE = YES;
				CLANG_WARN_UNGUARDED_AVAILABILITY = YES_AGGRESSIVE;
				CLANG_WARN_UNREACHABLE_CODE = YES;
				CLANG_WARN__DUPLICATE_METHOD_MATCH = YES;
				COPY_PHASE_STRIP = NO;
				DEBUG_INFORMATION_FORMAT = dwarf;
				ENABLE_STRICT_OBJC_MSGSEND = YES;
				ENABLE_TESTABILITY = YES;
				GCC_C_LANGUAGE_STANDARD = gnu11;
				GCC_DYNAMIC_NO_PIC = NO;
				GCC_NO_COMMON_BLOCKS = YES;
				GCC_OPTIMIZATION_LEVEL = 0;
				GCC_PREPROCESSOR_DEFINITIONS = (
					"DEBUG=1",
					"$(inherited)",
				);
				GCC_WARN_64_TO_32_BIT_CONVERSION = YES;
				GCC_WARN_ABOUT_RETURN_TYPE = YES_ERROR;
				GCC_WARN_UNDECLARED_SELECTOR = YES;
				GCC_WARN_UNINITIALIZED_AUTOS = YES_AGGRESSIVE;
				GCC_WARN_UNUSED_FUNCTION = YES;
				GCC_WARN_UNUSED_VARIABLE = YES;
				IPHONEOS_DEPLOYMENT_TARGET = 16.2;
				MTL_ENABLE_DEBUG_INFO = INCLUDE_SOURCE;
				MTL_FAST_MATH = YES;
				ONLY_ACTIVE_ARCH = YES;
				SDKROOT = iphoneos;
				SWIFT_ACTIVE_COMPILATION_CONDITIONS = DEBUG;
				SWIFT_OPTIMIZATION_LEVEL = "-Onone";
			};
			name = Debug;
		};
		44D669652992E1F600ACA2A1 /* Release */ = {
			isa = XCBuildConfiguration;
			buildSettings = {
				ALWAYS_SEARCH_USER_PATHS = NO;
				CLANG_ANALYZER_NONNULL = YES;
				CLANG_ANALYZER_NUMBER_OBJECT_CONVERSION = YES_AGGRESSIVE;
				CLANG_CXX_LANGUAGE_STANDARD = "gnu++20";
				CLANG_ENABLE_MODULES = YES;
				CLANG_ENABLE_OBJC_ARC = YES;
				CLANG_ENABLE_OBJC_WEAK = YES;
				CLANG_WARN_BLOCK_CAPTURE_AUTORELEASING = YES;
				CLANG_WARN_BOOL_CONVERSION = YES;
				CLANG_WARN_COMMA = YES;
				CLANG_WARN_CONSTANT_CONVERSION = YES;
				CLANG_WARN_DEPRECATED_OBJC_IMPLEMENTATIONS = YES;
				CLANG_WARN_DIRECT_OBJC_ISA_USAGE = YES_ERROR;
				CLANG_WARN_DOCUMENTATION_COMMENTS = YES;
				CLANG_WARN_EMPTY_BODY = YES;
				CLANG_WARN_ENUM_CONVERSION = YES;
				CLANG_WARN_INFINITE_RECURSION = YES;
				CLANG_WARN_INT_CONVERSION = YES;
				CLANG_WARN_NON_LITERAL_NULL_CONVERSION = YES;
				CLANG_WARN_OBJC_IMPLICIT_RETAIN_SELF = YES;
				CLANG_WARN_OBJC_LITERAL_CONVERSION = YES;
				CLANG_WARN_OBJC_ROOT_CLASS = YES_ERROR;
				CLANG_WARN_QUOTED_INCLUDE_IN_FRAMEWORK_HEADER = YES;
				CLANG_WARN_RANGE_LOOP_ANALYSIS = YES;
				CLANG_WARN_STRICT_PROTOTYPES = YES;
				CLANG_WARN_SUSPICIOUS_MOVE = YES;
				CLANG_WARN_UNGUARDED_AVAILABILITY = YES_AGGRESSIVE;
				CLANG_WARN_UNREACHABLE_CODE = YES;
				CLANG_WARN__DUPLICATE_METHOD_MATCH = YES;
				COPY_PHASE_STRIP = NO;
				DEBUG_INFORMATION_FORMAT = "dwarf-with-dsym";
				ENABLE_NS_ASSERTIONS = NO;
				ENABLE_STRICT_OBJC_MSGSEND = YES;
				GCC_C_LANGUAGE_STANDARD = gnu11;
				GCC_NO_COMMON_BLOCKS = YES;
				GCC_WARN_64_TO_32_BIT_CONVERSION = YES;
				GCC_WARN_ABOUT_RETURN_TYPE = YES_ERROR;
				GCC_WARN_UNDECLARED_SELECTOR = YES;
				GCC_WARN_UNINITIALIZED_AUTOS = YES_AGGRESSIVE;
				GCC_WARN_UNUSED_FUNCTION = YES;
				GCC_WARN_UNUSED_VARIABLE = YES;
				IPHONEOS_DEPLOYMENT_TARGET = 16.2;
				MTL_ENABLE_DEBUG_INFO = NO;
				MTL_FAST_MATH = YES;
				SDKROOT = iphoneos;
				SWIFT_COMPILATION_MODE = wholemodule;
				SWIFT_OPTIMIZATION_LEVEL = "-O";
				VALIDATE_PRODUCT = YES;
			};
			name = Release;
		};
		44D669672992E1F600ACA2A1 /* Debug */ = {
			isa = XCBuildConfiguration;
			buildSettings = {
				ASSETCATALOG_COMPILER_APPICON_NAME = AppIcon;
				ASSETCATALOG_COMPILER_GLOBAL_ACCENT_COLOR_NAME = AccentColor;
				CODE_SIGN_STYLE = Automatic;
				CURRENT_PROJECT_VERSION = 1;
				DEVELOPMENT_ASSET_PATHS = "\"ProperMapAnnotationTesting/Preview Content\"";
				DEVELOPMENT_TEAM = L8QA2F2KYK;
				ENABLE_PREVIEWS = YES;
				GENERATE_INFOPLIST_FILE = YES;
				INFOPLIST_KEY_UIApplicationSceneManifest_Generation = YES;
				INFOPLIST_KEY_UIApplicationSupportsIndirectInputEvents = YES;
				INFOPLIST_KEY_UILaunchScreen_Generation = YES;
				INFOPLIST_KEY_UISupportedInterfaceOrientations_iPad = "UIInterfaceOrientationPortrait UIInterfaceOrientationPortraitUpsideDown UIInterfaceOrientationLandscapeLeft UIInterfaceOrientationLandscapeRight";
				INFOPLIST_KEY_UISupportedInterfaceOrientations_iPhone = "UIInterfaceOrientationPortrait UIInterfaceOrientationLandscapeLeft UIInterfaceOrientationLandscapeRight";
				LD_RUNPATH_SEARCH_PATHS = (
					"$(inherited)",
					"@executable_path/Frameworks",
				);
				MARKETING_VERSION = 1.0;
				PRODUCT_BUNDLE_IDENTIFIER = ca.nathansmith.ProperMapAnnotationTesting;
				PRODUCT_NAME = "$(TARGET_NAME)";
				SWIFT_EMIT_LOC_STRINGS = YES;
				SWIFT_VERSION = 5.0;
				TARGETED_DEVICE_FAMILY = "1,2";
			};
			name = Debug;
		};
		44D669682992E1F600ACA2A1 /* Release */ = {
			isa = XCBuildConfiguration;
			buildSettings = {
				ASSETCATALOG_COMPILER_APPICON_NAME = AppIcon;
				ASSETCATALOG_COMPILER_GLOBAL_ACCENT_COLOR_NAME = AccentColor;
				CODE_SIGN_STYLE = Automatic;
				CURRENT_PROJECT_VERSION = 1;
				DEVELOPMENT_ASSET_PATHS = "\"ProperMapAnnotationTesting/Preview Content\"";
				DEVELOPMENT_TEAM = L8QA2F2KYK;
				ENABLE_PREVIEWS = YES;
				GENERATE_INFOPLIST_FILE = YES;
				INFOPLIST_KEY_UIApplicationSceneManifest_Generation = YES;
				INFOPLIST_KEY_UIApplicationSupportsIndirectInputEvents = YES;
				INFOPLIST_KEY_UILaunchScreen_Generation = YES;
				INFOPLIST_KEY_UISupportedInterfaceOrientations_iPad = "UIInterfaceOrientationPortrait UIInterfaceOrientationPortraitUpsideDown UIInterfaceOrientationLandscapeLeft UIInterfaceOrientationLandscapeRight";
				INFOPLIST_KEY_UISupportedInterfaceOrientations_iPhone = "UIInterfaceOrientationPortrait UIInterfaceOrientationLandscapeLeft UIInterfaceOrientationLandscapeRight";
				LD_RUNPATH_SEARCH_PATHS = (
					"$(inherited)",
					"@executable_path/Frameworks",
				);
				MARKETING_VERSION = 1.0;
				PRODUCT_BUNDLE_IDENTIFIER = ca.nathansmith.ProperMapAnnotationTesting;
				PRODUCT_NAME = "$(TARGET_NAME)";
				SWIFT_EMIT_LOC_STRINGS = YES;
				SWIFT_VERSION = 5.0;
				TARGETED_DEVICE_FAMILY = "1,2";
			};
			name = Release;
		};
/* End XCBuildConfiguration section */

/* Begin XCConfigurationList section */
		44D669532992E1F400ACA2A1 /* Build configuration list for PBXProject "ProperMapAnnotationTesting" */ = {
			isa = XCConfigurationList;
			buildConfigurations = (
				44D669642992E1F600ACA2A1 /* Debug */,
				44D669652992E1F600ACA2A1 /* Release */,
			);
			defaultConfigurationIsVisible = 0;
			defaultConfigurationName = Release;
		};
		44D669662992E1F600ACA2A1 /* Build configuration list for PBXNativeTarget "ProperMapAnnotationTesting" */ = {
			isa = XCConfigurationList;
			buildConfigurations = (
				44D669672992E1F600ACA2A1 /* Debug */,
				44D669682992E1F600ACA2A1 /* Release */,
			);
			defaultConfigurationIsVisible = 0;
			defaultConfigurationName = Release;
		};
/* End XCConfigurationList section */
	};
	rootObject = 44D669502992E1F400ACA2A1 /* Project object */;
}
